dependencies:
  etl:
    dependencies: []
    source:
      path: components/etl
      type: local
    version: 20.47.1
  expected:
    dependencies: []
    source:
      path: components/expected
      type: local
    version: 1.0.0
  idf:
    source:
      type: idf
    version: 6.0.0
  jsmn:
    dependencies: []
    source:
      path: components/jsmn
      type: local
    version: 1.1.0
direct_dependencies:
- etl
- expected
- idf
- jsmn
manifest_hash: 9471a42a9e319010e010f25c68d9ab40e115d381294d7ee76aaf834060874171
target: esp32
version: 3.0.0
